<?xml version="1.0" encoding="utf-8"?>
<Project ToolsVersion="4.0" xmlns="http://schemas.microsoft.com/developer/msbuild/2003">
  <ItemGroup>
    <Filter Include="ソース ファイル">
      <UniqueIdentifier>{4FC737F1-C7A5-4376-A066-2A32D752A2FF}</UniqueIdentifier>
      <Extensions>cpp;c;cc;cxx;c++;cppm;ixx;def;odl;idl;hpj;bat;asm;asmx</Extensions>
    </Filter>
    <Filter Include="ヘッダー ファイル">
      <UniqueIdentifier>{93995380-89BD-4b04-88EB-625FBE52EBFB}</UniqueIdentifier>
      <Extensions>h;hh;hpp;hxx;h++;hm;inl;inc;ipp;xsd</Extensions>
    </Filter>
    <Filter Include="リソース ファイル">
      <UniqueIdentifier>{67DA6AB6-F800-4c08-8B7A-83BB121AAD01}</UniqueIdentifier>
      <Extensions>rc;ico;cur;bmp;dlg;rc2;rct;bin;rgs;gif;jpg;jpeg;jpe;resx;tiff;tif;png;wav;mfcribbon-ms</Extensions>
    </Filter>
    <Filter Include="シェーダー ファイル">
      <UniqueIdentifier>{718c7f4c-fc51-40ad-a221-b9456a7a1a3c}</UniqueIdentifier>
    </Filter>
    <Filter Include="ソース ファイル\タイトルシーンとかのもの">
      <UniqueIdentifier>{f96b44c6-dc57-49d5-af78-5bcecc37f99d}</UniqueIdentifier>
    </Filter>
    <Filter Include="ソース ファイル\ゲームシーン">
      <UniqueIdentifier>{9d90eab0-b0f1-4899-9fc7-dcfc62fddc0a}</UniqueIdentifier>
    </Filter>
    <Filter Include="ソース ファイル\player関係">
      <UniqueIdentifier>{84c206e9-bdd8-40e5-9a64-7e33fb64d35a}</UniqueIdentifier>
    </Filter>
    <Filter Include="ソース ファイル\カメラに関するもの">
      <UniqueIdentifier>{b1480c35-e68b-4737-8ca9-83fd92366b08}</UniqueIdentifier>
    </Filter>
    <Filter Include="ソース ファイル\背景とかのモデル群">
      <UniqueIdentifier>{77090c35-beef-410d-affa-389de4f8d707}</UniqueIdentifier>
    </Filter>
    <Filter Include="ソース ファイル\敵">
      <UniqueIdentifier>{e45ec725-5e41-40fa-adb3-fa737f62963e}</UniqueIdentifier>
    </Filter>
    <Filter Include="ソース ファイル\ワールドトランスフォーム">
      <UniqueIdentifier>{20e4e92e-24b1-4a71-b51e-49c21dc609d7}</UniqueIdentifier>
    </Filter>
  </ItemGroup>
  <ItemGroup>
    <ClCompile Include="main.cpp">
      <Filter>ソース ファイル</Filter>
    </ClCompile>
    <ClCompile Include="Fade.cpp">
      <Filter>ソース ファイル\タイトルシーンとかのもの</Filter>
    </ClCompile>
    <ClCompile Include="TitleScene.cpp">
      <Filter>ソース ファイル\タイトルシーンとかのもの</Filter>
    </ClCompile>
    <ClCompile Include="GameScene.cpp">
      <Filter>ソース ファイル\ゲームシーン</Filter>
    </ClCompile>
    <ClCompile Include="LockOn.cpp">
      <Filter>ソース ファイル\player関係</Filter>
    </ClCompile>
    <ClCompile Include="Player.cpp">
      <Filter>ソース ファイル\player関係</Filter>
    </ClCompile>
    <ClCompile Include="playerBullet.cpp">
      <Filter>ソース ファイル\player関係</Filter>
    </ClCompile>
    <ClCompile Include="RailCameraController.cpp">
      <Filter>ソース ファイル\カメラに関するもの</Filter>
    </ClCompile>
    <ClCompile Include="SkyDome.cpp">
      <Filter>ソース ファイル\背景とかのモデル群</Filter>
    </ClCompile>
    <ClCompile Include="Plane.cpp">
      <Filter>ソース ファイル\背景とかのモデル群</Filter>
    </ClCompile>
    <ClCompile Include="Enemy.cpp">
      <Filter>ソース ファイル\敵</Filter>
    </ClCompile>
    <ClCompile Include="EnemyBullet.cpp">
      <Filter>ソース ファイル\敵</Filter>
    </ClCompile>
    <ClCompile Include="UpdateWorldTransform.cpp">
      <Filter>ソース ファイル\ワールドトランスフォーム</Filter>
    </ClCompile>
    <ClCompile Include="SelectLevel.cpp">
      <Filter>ソース ファイル\タイトルシーンとかのもの</Filter>
    </ClCompile>
  </ItemGroup>
  <ItemGroup>
    <FxCompile Include="Resources\shaders\SpritePS.hlsl">
      <Filter>シェーダー ファイル</Filter>
    </FxCompile>
    <FxCompile Include="Resources\shaders\SpriteVS.hlsl">
      <Filter>シェーダー ファイル</Filter>
    </FxCompile>
    <FxCompile Include="Resources\shaders\ShapeVS.hlsl">
      <Filter>シェーダー ファイル</Filter>
    </FxCompile>
    <FxCompile Include="Resources\shaders\ShapePS.hlsl">
      <Filter>シェーダー ファイル</Filter>
    </FxCompile>
    <FxCompile Include="Resources\shaders\ObjPS.hlsl">
      <Filter>シェーダー ファイル</Filter>
    </FxCompile>
    <FxCompile Include="Resources\shaders\ObjVS.hlsl">
      <Filter>シェーダー ファイル</Filter>
    </FxCompile>
    <FxCompile Include="Resources\shaders\PrimitivePS.hlsl">
      <Filter>シェーダー ファイル</Filter>
    </FxCompile>
    <FxCompile Include="Resources\shaders\PrimitiveVS.hlsl">
      <Filter>シェーダー ファイル</Filter>
    </FxCompile>
    <FxCompile Include="Resources\shaders\TerrainPS.hlsl">
      <Filter>シェーダー ファイル</Filter>
    </FxCompile>
    <FxCompile Include="Resources\shaders\TerrainVS.hlsl">
      <Filter>シェーダー ファイル</Filter>
    </FxCompile>
  </ItemGroup>
  <ItemGroup>
    <None Include="Resources\shaders\Sprite.hlsli">
      <Filter>シェーダー ファイル</Filter>
    </None>
    <None Include="Resources\shaders\Shape.hlsli">
      <Filter>シェーダー ファイル</Filter>
    </None>
    <None Include="Resources\shaders\Obj.hlsli">
      <Filter>シェーダー ファイル</Filter>
    </None>
    <None Include="Resources\shaders\Primitive.hlsli">
      <Filter>シェーダー ファイル</Filter>
    </None>
    <None Include="Resources\shaders\Terrain.hlsli">
      <Filter>シェーダー ファイル</Filter>
    </None>
  </ItemGroup>
  <ItemGroup>
    <ClInclude Include="AxisIndicator.h">
      <Filter>ヘッダー ファイル</Filter>
    </ClInclude>
    <ClInclude Include="MyMath.h">
      <Filter>ヘッダー ファイル</Filter>
    </ClInclude>
    <ClInclude Include="Fade.h">
      <Filter>ソース ファイル\タイトルシーンとかのもの</Filter>
    </ClInclude>
    <ClInclude Include="TitleScene.h">
      <Filter>ソース ファイル\タイトルシーンとかのもの</Filter>
    </ClInclude>
    <ClInclude Include="GameScene.h">
      <Filter>ソース ファイル\ゲームシーン</Filter>
    </ClInclude>
    <ClInclude Include="Player.h">
      <Filter>ソース ファイル\player関係</Filter>
    </ClInclude>
    <ClInclude Include="LockOn.h">
      <Filter>ソース ファイル\player関係</Filter>
    </ClInclude>
    <ClInclude Include="playerBullet.h">
      <Filter>ソース ファイル\player関係</Filter>
    </ClInclude>
    <ClInclude Include="RailCameraController.h">
      <Filter>ソース ファイル\カメラに関するもの</Filter>
    </ClInclude>
    <ClInclude Include="SkyDome.h">
      <Filter>ソース ファイル\背景とかのモデル群</Filter>
    </ClInclude>
    <ClInclude Include="Plane.h">
      <Filter>ソース ファイル\背景とかのモデル群</Filter>
    </ClInclude>
    <ClInclude Include="Enemy.h">
      <Filter>ソース ファイル\敵</Filter>
    </ClInclude>
    <ClInclude Include="EnemyBullet.h">
      <Filter>ソース ファイル\敵</Filter>
    </ClInclude>
    <ClInclude Include="UpdateWorldTransform.h">
      <Filter>ソース ファイル\ワールドトランスフォーム</Filter>
    </ClInclude>
    <ClInclude Include="SelectLevel.h">
      <Filter>ソース ファイル\タイトルシーンとかのもの</Filter>
    </ClInclude>
  </ItemGroup>
</Project>